
Microsoft Visual Studio Solution File, Format Version 12.00
# Visual Studio Version 16
VisualStudioVersion = 16.0.29806.167
MinimumVisualStudioVersion = 10.0.40219.1
Project("{8BC9CEB8-8B4A-11D0-8D11-00A0C91BC942}") = "CircularQueue", "CircularQueue\CircularQueue.vcxproj", "{1E5C0A25-846A-44DB-ABD4-31C197D9DA68}"
EndProject
Global
	GlobalSection(SolutionConfigurationPlatforms) = preSolution
		Debug|x64 = Debug|x64
		Debug|x86 = Debug|x86
		Release|x64 = Release|x64
		Release|x86 = Release|x86
	EndGlobalSection
	GlobalSection(ProjectConfigurationPlatforms) = postSolution
		{1E5C0A25-846A-44DB-ABD4-31C197D9DA68}.Debug|x64.ActiveCfg = Debug|x64
		{1E5C0A25-846A-44DB-ABD4-31C197D9DA68}.Debug|x64.Build.0 = Debug|x64
		{1E5C0A25-846A-44DB-ABD4-31C197D9DA68}.Debug|x86.ActiveCfg = Debug|Win32
		{1E5C0A25-846A-44DB-ABD4-31C197D9DA68}.Debug|x86.Build.0 = Debug|Win32
		{1E5C0A25-846A-44DB-ABD4-31C197D9DA68}.Release|x64.ActiveCfg = Release|x64
		{1E5C0A25-846A-44DB-ABD4-31C197D9DA68}.Release|x64.Build.0 = Release|x64
		{1E5C0A25-846A-44DB-ABD4-31C197D9DA68}.Release|x86.ActiveCfg = Release|Win32
		{1E5C0A25-846A-44DB-ABD4-31C197D9DA68}.Release|x86.Build.0 = Release|Win32
	EndGlobalSection
	GlobalSection(SolutionProperties) = preSolution
		HideSolutionNode = FALSE
	EndGlobalSection
	GlobalSection(ExtensibilityGlobals) = postSolution
		SolutionGuid = {BA1BCE25-B8A3-42DD-A715-7405E8494F5A}
	EndGlobalSection
EndGlobal
